
Microsoft Visual Studio Solution File, Format Version 12.00
# Visual Studio 15
VisualStudioVersion = 15.0.28307.168
MinimumVisualStudioVersion = 10.0.40219.1
Project("{8BC9CEB8-8B4A-11D0-8D11-00A0C91BC942}") = "ClassLabWork_from_10.09.19", "ClassLabWork_from_10.09.19\ClassLabWork_from_10.09.19.vcxproj", "{35A5937B-EF6E-4DED-A9A7-F2B2D31171CD}"
EndProject
Global
	GlobalSection(SolutionConfigurationPlatforms) = preSolution
		Debug|x64 = Debug|x64
		Debug|x86 = Debug|x86
		Release|x64 = Release|x64
		Release|x86 = Release|x86
	EndGlobalSection
	GlobalSection(ProjectConfigurationPlatforms) = postSolution
		{35A5937B-EF6E-4DED-A9A7-F2B2D31171CD}.Debug|x64.ActiveCfg = Debug|x64
		{35A5937B-EF6E-4DED-A9A7-F2B2D31171CD}.Debug|x64.Build.0 = Debug|x64
		{35A5937B-EF6E-4DED-A9A7-F2B2D31171CD}.Debug|x86.ActiveCfg = Debug|Win32
		{35A5937B-EF6E-4DED-A9A7-F2B2D31171CD}.Debug|x86.Build.0 = Debug|Win32
		{35A5937B-EF6E-4DED-A9A7-F2B2D31171CD}.Release|x64.ActiveCfg = Release|x64
		{35A5937B-EF6E-4DED-A9A7-F2B2D31171CD}.Release|x64.Build.0 = Release|x64
		{35A5937B-EF6E-4DED-A9A7-F2B2D31171CD}.Release|x86.ActiveCfg = Release|Win32
		{35A5937B-EF6E-4DED-A9A7-F2B2D31171CD}.Release|x86.Build.0 = Release|Win32
	EndGlobalSection
	GlobalSection(SolutionProperties) = preSolution
		HideSolutionNode = FALSE
	EndGlobalSection
	GlobalSection(ExtensibilityGlobals) = postSolution
		SolutionGuid = {815D3E79-27A5-4AEF-81EB-A11595697639}
	EndGlobalSection
EndGlobal
